
Microsoft Visual Studio Solution File, Format Version 12.00
# Visual Studio Version 17
VisualStudioVersion = 17.14.36414.22 d17.14
MinimumVisualStudioVersion = 10.0.40219.1
Project("{FAE04EC0-301F-11D3-BF4B-00C04F79EFBC}") = "TipCalculator", "TipCalculator\TipCalculator.csproj", "{6DBB58B9-6113-4375-A7AC-E33F03AC2078}"
EndProject
Global
	GlobalSection(SolutionConfigurationPlatforms) = preSolution
		Debug|Any CPU = Debug|Any CPU
		Release|Any CPU = Release|Any CPU
	EndGlobalSection
	GlobalSection(ProjectConfigurationPlatforms) = postSolution
		{6DBB58B9-6113-4375-A7AC-E33F03AC2078}.Debug|Any CPU.ActiveCfg = Debug|Any CPU
		{6DBB58B9-6113-4375-A7AC-E33F03AC2078}.Debug|Any CPU.Build.0 = Debug|Any CPU
		{6DBB58B9-6113-4375-A7AC-E33F03AC2078}.Release|Any CPU.ActiveCfg = Release|Any CPU
		{6DBB58B9-6113-4375-A7AC-E33F03AC2078}.Release|Any CPU.Build.0 = Release|Any CPU
	EndGlobalSection
	GlobalSection(SolutionProperties) = preSolution
		HideSolutionNode = FALSE
	EndGlobalSection
	GlobalSection(ExtensibilityGlobals) = postSolution
		SolutionGuid = {7322132B-51AA-4E94-9384-54F666B4B5D8}
	EndGlobalSection
EndGlobal
