
Microsoft Visual Studio Solution File, Format Version 12.00
# Visual Studio Version 17
VisualStudioVersion = 17.14.36414.22 d17.14
MinimumVisualStudioVersion = 10.0.40219.1
Project("{FAE04EC0-301F-11D3-BF4B-00C04F79EFBC}") = "HOT3", "HOT3\HOT3.csproj", "{1470A362-C7AB-4A69-B7EC-28CBF84B653E}"
EndProject
Global
	GlobalSection(SolutionConfigurationPlatforms) = preSolution
		Debug|Any CPU = Debug|Any CPU
		Release|Any CPU = Release|Any CPU
	EndGlobalSection
	GlobalSection(ProjectConfigurationPlatforms) = postSolution
		{1470A362-C7AB-4A69-B7EC-28CBF84B653E}.Debug|Any CPU.ActiveCfg = Debug|Any CPU
		{1470A362-C7AB-4A69-B7EC-28CBF84B653E}.Debug|Any CPU.Build.0 = Debug|Any CPU
		{1470A362-C7AB-4A69-B7EC-28CBF84B653E}.Release|Any CPU.ActiveCfg = Release|Any CPU
		{1470A362-C7AB-4A69-B7EC-28CBF84B653E}.Release|Any CPU.Build.0 = Release|Any CPU
	EndGlobalSection
	GlobalSection(SolutionProperties) = preSolution
		HideSolutionNode = FALSE
	EndGlobalSection
	GlobalSection(ExtensibilityGlobals) = postSolution
		SolutionGuid = {6841A367-2E4C-44AC-BA3E-8B086E5A4C25}
	EndGlobalSection
EndGlobal
